
Microsoft Visual Studio Solution File, Format Version 12.00
# Visual Studio 15
Project("{FAE04EC0-301F-11D3-BF4B-00C04F79EFBC}") = "Oculus.Platform", "Oculus.Platform.csproj", "{0800D4DA-002D-A854-D4FF-DDB5703D88AF}"
EndProject
Project("{FAE04EC0-301F-11D3-BF4B-00C04F79EFBC}") = "Assembly-CSharp", "Assembly-CSharp.csproj", "{B424F153-EBB8-79EA-B98B-9B40BB994DDF}"
EndProject
Project("{FAE04EC0-301F-11D3-BF4B-00C04F79EFBC}") = "Oculus.Spatializer", "Oculus.Spatializer.csproj", "{9BA523C7-EA3D-8D97-4B10-427D51A2E2C2}"
EndProject
Project("{FAE04EC0-301F-11D3-BF4B-00C04F79EFBC}") = "Oculus.Interaction", "Oculus.Interaction.csproj", "{671A99AC-4484-9A0E-72C2-5E624EE3719C}"
EndProject
Project("{FAE04EC0-301F-11D3-BF4B-00C04F79EFBC}") = "Oculus.VR", "Oculus.VR.csproj", "{93FD1B3F-F7C6-66BE-1F19-B88885EA1E57}"
EndProject
Project("{FAE04EC0-301F-11D3-BF4B-00C04F79EFBC}") = "Oculus.Interaction.Samples", "Oculus.Interaction.Samples.csproj", "{76183338-7296-B128-C239-F6F6B4DFB245}"
EndProject
Project("{FAE04EC0-301F-11D3-BF4B-00C04F79EFBC}") = "Facebook.WitAI", "Facebook.WitAI.csproj", "{80977FA2-EC46-2675-5388-8523782BAA0F}"
EndProject
Project("{FAE04EC0-301F-11D3-BF4B-00C04F79EFBC}") = "Oculus.AudioManager", "Oculus.AudioManager.csproj", "{454C8AB7-1B0B-A58E-8305-D50F914F2CA3}"
EndProject
Project("{FAE04EC0-301F-11D3-BF4B-00C04F79EFBC}") = "VoiceSDK.Runtime", "VoiceSDK.Runtime.csproj", "{BA93B426-ED90-8520-176C-96736E0C4A61}"
EndProject
Project("{FAE04EC0-301F-11D3-BF4B-00C04F79EFBC}") = "AssistantCoreSDKRuntime", "AssistantCoreSDKRuntime.csproj", "{6FCAF4D1-2876-AA95-AF54-2EE3A5D5B2FB}"
EndProject
Project("{FAE04EC0-301F-11D3-BF4B-00C04F79EFBC}") = "Runtime", "Runtime.csproj", "{FCE75E07-5DD0-68F0-BD9C-31CBCFFDF025}"
EndProject
Project("{FAE04EC0-301F-11D3-BF4B-00C04F79EFBC}") = "ControllerSample", "ControllerSample.csproj", "{D4B00901-097F-B6C7-0DD0-08923BDBEFAD}"
EndProject
Project("{FAE04EC0-301F-11D3-BF4B-00C04F79EFBC}") = "Oculus.LipSync", "Oculus.LipSync.csproj", "{F961D5AF-3B3E-C2AB-848B-21FF3BF0EA18}"
EndProject
Project("{FAE04EC0-301F-11D3-BF4B-00C04F79EFBC}") = "BigRookGames", "BigRookGames.csproj", "{01C25AB1-278E-3520-52EE-94AA3968B593}"
EndProject
Project("{FAE04EC0-301F-11D3-BF4B-00C04F79EFBC}") = "sc.vegetationspawner.runtime", "sc.vegetationspawner.runtime.csproj", "{5CA8ACEF-F9A6-08C6-8EC5-05C7E2D650EA}"
EndProject
Project("{FAE04EC0-301F-11D3-BF4B-00C04F79EFBC}") = "Oculus.Interaction.Editor", "Oculus.Interaction.Editor.csproj", "{63C25D76-C238-9C60-4C16-D2C508CBA128}"
EndProject
Project("{FAE04EC0-301F-11D3-BF4B-00C04F79EFBC}") = "Facebook.Wit.Editor", "Facebook.Wit.Editor.csproj", "{90A5E451-8A6D-2F56-87FE-FD0DB4FC98C5}"
EndProject
Project("{FAE04EC0-301F-11D3-BF4B-00C04F79EFBC}") = "Oculus.Spatializer.Editor", "Oculus.Spatializer.Editor.csproj", "{7EC84F25-27D4-6945-8D9C-9274F2B7B766}"
EndProject
Project("{FAE04EC0-301F-11D3-BF4B-00C04F79EFBC}") = "Assembly-CSharp-Editor", "Assembly-CSharp-Editor.csproj", "{C947EF96-75C9-C469-148B-8E6E733080E9}"
EndProject
Project("{FAE04EC0-301F-11D3-BF4B-00C04F79EFBC}") = "Oculus.VR.Editor", "Oculus.VR.Editor.csproj", "{D1130643-CF91-9392-F4D9-29A3A6DE0C77}"
EndProject
Project("{FAE04EC0-301F-11D3-BF4B-00C04F79EFBC}") = "VoiceSDK.Editor", "VoiceSDK.Editor.csproj", "{935EF0B1-5949-F704-D575-1658CF1E0B79}"
EndProject
Project("{FAE04EC0-301F-11D3-BF4B-00C04F79EFBC}") = "Oculus.Platform.Editor", "Oculus.Platform.Editor.csproj", "{98916E2B-997E-47DD-9CD9-030D7C36F9A0}"
EndProject
Project("{FAE04EC0-301F-11D3-BF4B-00C04F79EFBC}") = "Oculus.AudioManager.Audio.Editor", "Oculus.AudioManager.Audio.Editor.csproj", "{8DDF12E0-CFA5-36A4-B8A3-E0AEB7EE1656}"
EndProject
Project("{FAE04EC0-301F-11D3-BF4B-00C04F79EFBC}") = "Oculus.Interaction.InterfaceSupport", "Oculus.Interaction.InterfaceSupport.csproj", "{A6D17FE7-25B7-F479-92B8-2C5D1568B62A}"
EndProject
Project("{FAE04EC0-301F-11D3-BF4B-00C04F79EFBC}") = "Oculus.VR.Scripts.Editor", "Oculus.VR.Scripts.Editor.csproj", "{D16B6AC7-88FC-76BF-CC7B-198B8B9A71DF}"
EndProject
Project("{FAE04EC0-301F-11D3-BF4B-00C04F79EFBC}") = "Oculus.LipSync.Editor", "Oculus.LipSync.Editor.csproj", "{E96C47C5-F4E7-59E9-C70A-70D23BC7001A}"
EndProject
Project("{FAE04EC0-301F-11D3-BF4B-00C04F79EFBC}") = "sc.vegetationspawner.editor", "sc.vegetationspawner.editor.csproj", "{F5097C95-CD7D-B3DD-5A3E-645E2355D5A2}"
EndProject
Project("{FAE04EC0-301F-11D3-BF4B-00C04F79EFBC}") = "AssistantCoreSDKEditor", "AssistantCoreSDKEditor.csproj", "{EF113FA5-D9DD-0990-2AA3-BBCA82BFAF1B}"
EndProject
Project("{FAE04EC0-301F-11D3-BF4B-00C04F79EFBC}") = "Oculus.AudioManager.Utils.Editor", "Oculus.AudioManager.Utils.Editor.csproj", "{FAA14C85-DE0D-B90C-9C0F-1E742A9A75C3}"
EndProject
Global
	GlobalSection(SolutionConfigurationPlatforms) = preSolution
		Debug|Any CPU = Debug|Any CPU
		Release|Any CPU = Release|Any CPU
	EndGlobalSection
	GlobalSection(ProjectConfigurationPlatforms) = postSolution
		{0800D4DA-002D-A854-D4FF-DDB5703D88AF}.Debug|Any CPU.ActiveCfg = Debug|Any CPU
		{0800D4DA-002D-A854-D4FF-DDB5703D88AF}.Debug|Any CPU.Build.0 = Debug|Any CPU
		{0800D4DA-002D-A854-D4FF-DDB5703D88AF}.Release|Any CPU.ActiveCfg = Release|Any CPU
		{0800D4DA-002D-A854-D4FF-DDB5703D88AF}.Release|Any CPU.Build.0 = Release|Any CPU
		{B424F153-EBB8-79EA-B98B-9B40BB994DDF}.Debug|Any CPU.ActiveCfg = Debug|Any CPU
		{B424F153-EBB8-79EA-B98B-9B40BB994DDF}.Debug|Any CPU.Build.0 = Debug|Any CPU
		{B424F153-EBB8-79EA-B98B-9B40BB994DDF}.Release|Any CPU.ActiveCfg = Release|Any CPU
		{B424F153-EBB8-79EA-B98B-9B40BB994DDF}.Release|Any CPU.Build.0 = Release|Any CPU
		{9BA523C7-EA3D-8D97-4B10-427D51A2E2C2}.Debug|Any CPU.ActiveCfg = Debug|Any CPU
		{9BA523C7-EA3D-8D97-4B10-427D51A2E2C2}.Debug|Any CPU.Build.0 = Debug|Any CPU
		{9BA523C7-EA3D-8D97-4B10-427D51A2E2C2}.Release|Any CPU.ActiveCfg = Release|Any CPU
		{9BA523C7-EA3D-8D97-4B10-427D51A2E2C2}.Release|Any CPU.Build.0 = Release|Any CPU
		{671A99AC-4484-9A0E-72C2-5E624EE3719C}.Debug|Any CPU.ActiveCfg = Debug|Any CPU
		{671A99AC-4484-9A0E-72C2-5E624EE3719C}.Debug|Any CPU.Build.0 = Debug|Any CPU
		{671A99AC-4484-9A0E-72C2-5E624EE3719C}.Release|Any CPU.ActiveCfg = Release|Any CPU
		{671A99AC-4484-9A0E-72C2-5E624EE3719C}.Release|Any CPU.Build.0 = Release|Any CPU
		{93FD1B3F-F7C6-66BE-1F19-B88885EA1E57}.Debug|Any CPU.ActiveCfg = Debug|Any CPU
		{93FD1B3F-F7C6-66BE-1F19-B88885EA1E57}.Debug|Any CPU.Build.0 = Debug|Any CPU
		{93FD1B3F-F7C6-66BE-1F19-B88885EA1E57}.Release|Any CPU.ActiveCfg = Release|Any CPU
		{93FD1B3F-F7C6-66BE-1F19-B88885EA1E57}.Release|Any CPU.Build.0 = Release|Any CPU
		{76183338-7296-B128-C239-F6F6B4DFB245}.Debug|Any CPU.ActiveCfg = Debug|Any CPU
		{76183338-7296-B128-C239-F6F6B4DFB245}.Debug|Any CPU.Build.0 = Debug|Any CPU
		{76183338-7296-B128-C239-F6F6B4DFB245}.Release|Any CPU.ActiveCfg = Release|Any CPU
		{76183338-7296-B128-C239-F6F6B4DFB245}.Release|Any CPU.Build.0 = Release|Any CPU
		{80977FA2-EC46-2675-5388-8523782BAA0F}.Debug|Any CPU.ActiveCfg = Debug|Any CPU
		{80977FA2-EC46-2675-5388-8523782BAA0F}.Debug|Any CPU.Build.0 = Debug|Any CPU
		{80977FA2-EC46-2675-5388-8523782BAA0F}.Release|Any CPU.ActiveCfg = Release|Any CPU
		{80977FA2-EC46-2675-5388-8523782BAA0F}.Release|Any CPU.Build.0 = Release|Any CPU
		{454C8AB7-1B0B-A58E-8305-D50F914F2CA3}.Debug|Any CPU.ActiveCfg = Debug|Any CPU
		{454C8AB7-1B0B-A58E-8305-D50F914F2CA3}.Debug|Any CPU.Build.0 = Debug|Any CPU
		{454C8AB7-1B0B-A58E-8305-D50F914F2CA3}.Release|Any CPU.ActiveCfg = Release|Any CPU
		{454C8AB7-1B0B-A58E-8305-D50F914F2CA3}.Release|Any CPU.Build.0 = Release|Any CPU
		{BA93B426-ED90-8520-176C-96736E0C4A61}.Debug|Any CPU.ActiveCfg = Debug|Any CPU
		{BA93B426-ED90-8520-176C-96736E0C4A61}.Debug|Any CPU.Build.0 = Debug|Any CPU
		{BA93B426-ED90-8520-176C-96736E0C4A61}.Release|Any CPU.ActiveCfg = Release|Any CPU
		{BA93B426-ED90-8520-176C-96736E0C4A61}.Release|Any CPU.Build.0 = Release|Any CPU
		{6FCAF4D1-2876-AA95-AF54-2EE3A5D5B2FB}.Debug|Any CPU.ActiveCfg = Debug|Any CPU
		{6FCAF4D1-2876-AA95-AF54-2EE3A5D5B2FB}.Debug|Any CPU.Build.0 = Debug|Any CPU
		{6FCAF4D1-2876-AA95-AF54-2EE3A5D5B2FB}.Release|Any CPU.ActiveCfg = Release|Any CPU
		{6FCAF4D1-2876-AA95-AF54-2EE3A5D5B2FB}.Release|Any CPU.Build.0 = Release|Any CPU
		{FCE75E07-5DD0-68F0-BD9C-31CBCFFDF025}.Debug|Any CPU.ActiveCfg = Debug|Any CPU
		{FCE75E07-5DD0-68F0-BD9C-31CBCFFDF025}.Debug|Any CPU.Build.0 = Debug|Any CPU
		{FCE75E07-5DD0-68F0-BD9C-31CBCFFDF025}.Release|Any CPU.ActiveCfg = Release|Any CPU
		{FCE75E07-5DD0-68F0-BD9C-31CBCFFDF025}.Release|Any CPU.Build.0 = Release|Any CPU
		{D4B00901-097F-B6C7-0DD0-08923BDBEFAD}.Debug|Any CPU.ActiveCfg = Debug|Any CPU
		{D4B00901-097F-B6C7-0DD0-08923BDBEFAD}.Debug|Any CPU.Build.0 = Debug|Any CPU
		{D4B00901-097F-B6C7-0DD0-08923BDBEFAD}.Release|Any CPU.ActiveCfg = Release|Any CPU
		{D4B00901-097F-B6C7-0DD0-08923BDBEFAD}.Release|Any CPU.Build.0 = Release|Any CPU
		{F961D5AF-3B3E-C2AB-848B-21FF3BF0EA18}.Debug|Any CPU.ActiveCfg = Debug|Any CPU
		{F961D5AF-3B3E-C2AB-848B-21FF3BF0EA18}.Debug|Any CPU.Build.0 = Debug|Any CPU
		{F961D5AF-3B3E-C2AB-848B-21FF3BF0EA18}.Release|Any CPU.ActiveCfg = Release|Any CPU
		{F961D5AF-3B3E-C2AB-848B-21FF3BF0EA18}.Release|Any CPU.Build.0 = Release|Any CPU
		{01C25AB1-278E-3520-52EE-94AA3968B593}.Debug|Any CPU.ActiveCfg = Debug|Any CPU
		{01C25AB1-278E-3520-52EE-94AA3968B593}.Debug|Any CPU.Build.0 = Debug|Any CPU
		{01C25AB1-278E-3520-52EE-94AA3968B593}.Release|Any CPU.ActiveCfg = Release|Any CPU
		{01C25AB1-278E-3520-52EE-94AA3968B593}.Release|Any CPU.Build.0 = Release|Any CPU
		{5CA8ACEF-F9A6-08C6-8EC5-05C7E2D650EA}.Debug|Any CPU.ActiveCfg = Debug|Any CPU
		{5CA8ACEF-F9A6-08C6-8EC5-05C7E2D650EA}.Debug|Any CPU.Build.0 = Debug|Any CPU
		{5CA8ACEF-F9A6-08C6-8EC5-05C7E2D650EA}.Release|Any CPU.ActiveCfg = Release|Any CPU
		{5CA8ACEF-F9A6-08C6-8EC5-05C7E2D650EA}.Release|Any CPU.Build.0 = Release|Any CPU
		{63C25D76-C238-9C60-4C16-D2C508CBA128}.Debug|Any CPU.ActiveCfg = Debug|Any CPU
		{63C25D76-C238-9C60-4C16-D2C508CBA128}.Debug|Any CPU.Build.0 = Debug|Any CPU
		{63C25D76-C238-9C60-4C16-D2C508CBA128}.Release|Any CPU.ActiveCfg = Release|Any CPU
		{63C25D76-C238-9C60-4C16-D2C508CBA128}.Release|Any CPU.Build.0 = Release|Any CPU
		{90A5E451-8A6D-2F56-87FE-FD0DB4FC98C5}.Debug|Any CPU.ActiveCfg = Debug|Any CPU
		{90A5E451-8A6D-2F56-87FE-FD0DB4FC98C5}.Debug|Any CPU.Build.0 = Debug|Any CPU
		{90A5E451-8A6D-2F56-87FE-FD0DB4FC98C5}.Release|Any CPU.ActiveCfg = Release|Any CPU
		{90A5E451-8A6D-2F56-87FE-FD0DB4FC98C5}.Release|Any CPU.Build.0 = Release|Any CPU
		{7EC84F25-27D4-6945-8D9C-9274F2B7B766}.Debug|Any CPU.ActiveCfg = Debug|Any CPU
		{7EC84F25-27D4-6945-8D9C-9274F2B7B766}.Debug|Any CPU.Build.0 = Debug|Any CPU
		{7EC84F25-27D4-6945-8D9C-9274F2B7B766}.Release|Any CPU.ActiveCfg = Release|Any CPU
		{7EC84F25-27D4-6945-8D9C-9274F2B7B766}.Release|Any CPU.Build.0 = Release|Any CPU
		{C947EF96-75C9-C469-148B-8E6E733080E9}.Debug|Any CPU.ActiveCfg = Debug|Any CPU
		{C947EF96-75C9-C469-148B-8E6E733080E9}.Debug|Any CPU.Build.0 = Debug|Any CPU
		{C947EF96-75C9-C469-148B-8E6E733080E9}.Release|Any CPU.ActiveCfg = Release|Any CPU
		{C947EF96-75C9-C469-148B-8E6E733080E9}.Release|Any CPU.Build.0 = Release|Any CPU
		{D1130643-CF91-9392-F4D9-29A3A6DE0C77}.Debug|Any CPU.ActiveCfg = Debug|Any CPU
		{D1130643-CF91-9392-F4D9-29A3A6DE0C77}.Debug|Any CPU.Build.0 = Debug|Any CPU
		{D1130643-CF91-9392-F4D9-29A3A6DE0C77}.Release|Any CPU.ActiveCfg = Release|Any CPU
		{D1130643-CF91-9392-F4D9-29A3A6DE0C77}.Release|Any CPU.Build.0 = Release|Any CPU
		{935EF0B1-5949-F704-D575-1658CF1E0B79}.Debug|Any CPU.ActiveCfg = Debug|Any CPU
		{935EF0B1-5949-F704-D575-1658CF1E0B79}.Debug|Any CPU.Build.0 = Debug|Any CPU
		{935EF0B1-5949-F704-D575-1658CF1E0B79}.Release|Any CPU.ActiveCfg = Release|Any CPU
		{935EF0B1-5949-F704-D575-1658CF1E0B79}.Release|Any CPU.Build.0 = Release|Any CPU
		{98916E2B-997E-47DD-9CD9-030D7C36F9A0}.Debug|Any CPU.ActiveCfg = Debug|Any CPU
		{98916E2B-997E-47DD-9CD9-030D7C36F9A0}.Debug|Any CPU.Build.0 = Debug|Any CPU
		{98916E2B-997E-47DD-9CD9-030D7C36F9A0}.Release|Any CPU.ActiveCfg = Release|Any CPU
		{98916E2B-997E-47DD-9CD9-030D7C36F9A0}.Release|Any CPU.Build.0 = Release|Any CPU
		{8DDF12E0-CFA5-36A4-B8A3-E0AEB7EE1656}.Debug|Any CPU.ActiveCfg = Debug|Any CPU
		{8DDF12E0-CFA5-36A4-B8A3-E0AEB7EE1656}.Debug|Any CPU.Build.0 = Debug|Any CPU
		{8DDF12E0-CFA5-36A4-B8A3-E0AEB7EE1656}.Release|Any CPU.ActiveCfg = Release|Any CPU
		{8DDF12E0-CFA5-36A4-B8A3-E0AEB7EE1656}.Release|Any CPU.Build.0 = Release|Any CPU
		{A6D17FE7-25B7-F479-92B8-2C5D1568B62A}.Debug|Any CPU.ActiveCfg = Debug|Any CPU
		{A6D17FE7-25B7-F479-92B8-2C5D1568B62A}.Debug|Any CPU.Build.0 = Debug|Any CPU
		{A6D17FE7-25B7-F479-92B8-2C5D1568B62A}.Release|Any CPU.ActiveCfg = Release|Any CPU
		{A6D17FE7-25B7-F479-92B8-2C5D1568B62A}.Release|Any CPU.Build.0 = Release|Any CPU
		{D16B6AC7-88FC-76BF-CC7B-198B8B9A71DF}.Debug|Any CPU.ActiveCfg = Debug|Any CPU
		{D16B6AC7-88FC-76BF-CC7B-198B8B9A71DF}.Debug|Any CPU.Build.0 = Debug|Any CPU
		{D16B6AC7-88FC-76BF-CC7B-198B8B9A71DF}.Release|Any CPU.ActiveCfg = Release|Any CPU
		{D16B6AC7-88FC-76BF-CC7B-198B8B9A71DF}.Release|Any CPU.Build.0 = Release|Any CPU
		{E96C47C5-F4E7-59E9-C70A-70D23BC7001A}.Debug|Any CPU.ActiveCfg = Debug|Any CPU
		{E96C47C5-F4E7-59E9-C70A-70D23BC7001A}.Debug|Any CPU.Build.0 = Debug|Any CPU
		{E96C47C5-F4E7-59E9-C70A-70D23BC7001A}.Release|Any CPU.ActiveCfg = Release|Any CPU
		{E96C47C5-F4E7-59E9-C70A-70D23BC7001A}.Release|Any CPU.Build.0 = Release|Any CPU
		{F5097C95-CD7D-B3DD-5A3E-645E2355D5A2}.Debug|Any CPU.ActiveCfg = Debug|Any CPU
		{F5097C95-CD7D-B3DD-5A3E-645E2355D5A2}.Debug|Any CPU.Build.0 = Debug|Any CPU
		{F5097C95-CD7D-B3DD-5A3E-645E2355D5A2}.Release|Any CPU.ActiveCfg = Release|Any CPU
		{F5097C95-CD7D-B3DD-5A3E-645E2355D5A2}.Release|Any CPU.Build.0 = Release|Any CPU
		{EF113FA5-D9DD-0990-2AA3-BBCA82BFAF1B}.Debug|Any CPU.ActiveCfg = Debug|Any CPU
		{EF113FA5-D9DD-0990-2AA3-BBCA82BFAF1B}.Debug|Any CPU.Build.0 = Debug|Any CPU
		{EF113FA5-D9DD-0990-2AA3-BBCA82BFAF1B}.Release|Any CPU.ActiveCfg = Release|Any CPU
		{EF113FA5-D9DD-0990-2AA3-BBCA82BFAF1B}.Release|Any CPU.Build.0 = Release|Any CPU
		{FAA14C85-DE0D-B90C-9C0F-1E742A9A75C3}.Debug|Any CPU.ActiveCfg = Debug|Any CPU
		{FAA14C85-DE0D-B90C-9C0F-1E742A9A75C3}.Debug|Any CPU.Build.0 = Debug|Any CPU
		{FAA14C85-DE0D-B90C-9C0F-1E742A9A75C3}.Release|Any CPU.ActiveCfg = Release|Any CPU
		{FAA14C85-DE0D-B90C-9C0F-1E742A9A75C3}.Release|Any CPU.Build.0 = Release|Any CPU
	EndGlobalSection
	GlobalSection(SolutionProperties) = preSolution
		HideSolutionNode = FALSE
	EndGlobalSection
EndGlobal
